
Microsoft Visual Studio Solution File, Format Version 12.00
Project("{FAE04EC0-301F-11D3-BF4B-00C04F79EFBC}") = "EonWatchesAPI", "EonWatchesAPI\EonWatchesAPI.csproj", "{1B3B9D39-5CCA-4BB3-8158-DE85865FD574}"
EndProject
Global
	GlobalSection(SolutionConfigurationPlatforms) = preSolution
		Debug|Any CPU = Debug|Any CPU
		Release|Any CPU = Release|Any CPU
	EndGlobalSection
	GlobalSection(ProjectConfigurationPlatforms) = postSolution
		{1B3B9D39-5CCA-4BB3-8158-DE85865FD574}.Debug|Any CPU.ActiveCfg = Debug|Any CPU
		{1B3B9D39-5CCA-4BB3-8158-DE85865FD574}.Debug|Any CPU.Build.0 = Debug|Any CPU
		{1B3B9D39-5CCA-4BB3-8158-DE85865FD574}.Release|Any CPU.ActiveCfg = Release|Any CPU
		{1B3B9D39-5CCA-4BB3-8158-DE85865FD574}.Release|Any CPU.Build.0 = Release|Any CPU
	EndGlobalSection
	GlobalSection(NestedProjects) = preSolution
	EndGlobalSection
EndGlobal
